{
  "object": {
    "pins": [
      {
        "package": "JGProgressHUD",
        "repositoryURL": "https://github.com/JonasGessner/JGProgressHUD.git",
        "state": {
          "branch": null,
          "revision": "78d7cd35f1d90ff74fd82e486f2cbe4b24be8cf9",
          "version": "2.2.0"
        }
      },
      {
        "package": "SDWebImage",
        "repositoryURL": "https://github.com/SDWebImage/SDWebImage.git",
        "state": {
          "branch": null,
          "revision": "f5fd53b2d23a60f52e8aaf206cbc0751f79a6a02",
          "version": "5.10.1"
        }
      },
      {
        "package": "SwiftyJSON",
        "repositoryURL": "https://github.com/SwiftyJSON/SwiftyJSON.git",
        "state": {
          "branch": null,
          "revision": "2b6054efa051565954e1d2b9da831680026cd768",
          "version": "5.0.0"
        }
      }
    ]
  },
  "version": 1
}
